
Microsoft Visual Studio Solution File, Format Version 12.00
# Visual Studio Version 17
VisualStudioVersion = 17.3.32929.385
MinimumVisualStudioVersion = 10.0.40219.1
Project("{FAE04EC0-301F-11D3-BF4B-00C04F79EFBC}") = "PruebaGithub", "PruebaGithub\PruebaGithub.csproj", "{04FE9A1B-F1E7-4877-9DE0-8675750E4538}"
EndProject
Global
	GlobalSection(SolutionConfigurationPlatforms) = preSolution
		Debug|Any CPU = Debug|Any CPU
		Release|Any CPU = Release|Any CPU
	EndGlobalSection
	GlobalSection(ProjectConfigurationPlatforms) = postSolution
		{04FE9A1B-F1E7-4877-9DE0-8675750E4538}.Debug|Any CPU.ActiveCfg = Debug|Any CPU
		{04FE9A1B-F1E7-4877-9DE0-8675750E4538}.Debug|Any CPU.Build.0 = Debug|Any CPU
		{04FE9A1B-F1E7-4877-9DE0-8675750E4538}.Release|Any CPU.ActiveCfg = Release|Any CPU
		{04FE9A1B-F1E7-4877-9DE0-8675750E4538}.Release|Any CPU.Build.0 = Release|Any CPU
	EndGlobalSection
	GlobalSection(SolutionProperties) = preSolution
		HideSolutionNode = FALSE
	EndGlobalSection
	GlobalSection(ExtensibilityGlobals) = postSolution
		SolutionGuid = {EBB8AF01-E078-4B6C-A7D7-7A44EB6248E9}
	EndGlobalSection
EndGlobal
